// !$*UTF8*$!
{
	archiveVersion = 1;
	classes = {
	};
	objectVersion = 55;
	objects = {

/* Begin PBXBuildFile section */
		E8061AC128B24CE700ABE06E /* ReviewReportBuilder.swift in Sources */ = {isa = PBXBuildFile; fileRef = E8061AC028B24CE700ABE06E /* ReviewReportBuilder.swift */; };
		E80A25DA28917DAC0090D426 /* QuestionnaireTitles.swift in Sources */ = {isa = PBXBuildFile; fileRef = E80A25D928917DAC0090D426 /* QuestionnaireTitles.swift */; };
		E80A25DC28917DCC0090D426 /* QuestionPrompts.swift in Sources */ = {isa = PBXBuildFile; fileRef = E80A25DB28917DCC0090D426 /* QuestionPrompts.swift */; };
		E80A25DE28917DD80090D426 /* QuestionnaireFinished.swift in Sources */ = {isa = PBXBuildFile; fileRef = E80A25DD28917DD80090D426 /* QuestionnaireFinished.swift */; };
		E816A3FA2884026500653A06 /* BusyView.swift in Sources */ = {isa = PBXBuildFile; fileRef = E816A3F92884026500653A06 /* BusyView.swift */; };
		E816A3FD28840AE900653A06 /* ResultUnitsCell.swift in Sources */ = {isa = PBXBuildFile; fileRef = E816A3FC28840AE900653A06 /* ResultUnitsCell.swift */; };
		E81FDAD1285B7BE900150580 /* Launch Screen.storyboard in Resources */ = {isa = PBXBuildFile; fileRef = E81FDAD0285B7BE900150580 /* Launch Screen.storyboard */; };
		E8261FE628411669005F84A3 /* Parse_QuestionnaireApp.swift in Sources */ = {isa = PBXBuildFile; fileRef = E8261FE528411669005F84A3 /* Parse_QuestionnaireApp.swift */; };
		E8261FE828411669005F84A3 /* QuestionnaireView.swift in Sources */ = {isa = PBXBuildFile; fileRef = E8261FE728411669005F84A3 /* QuestionnaireView.swift */; };
		E8261FEA2841166D005F84A3 /* Assets.xcassets in Resources */ = {isa = PBXBuildFile; fileRef = E8261FE92841166D005F84A3 /* Assets.xcassets */; };
		E8261FED2841166D005F84A3 /* Preview Assets.xcassets in Resources */ = {isa = PBXBuildFile; fileRef = E8261FEC2841166D005F84A3 /* Preview Assets.xcassets */; };
		E8261FF428411691005F84A3 /* ManagementQuestionnaire.json in Resources */ = {isa = PBXBuildFile; fileRef = E8261FF328411691005F84A3 /* ManagementQuestionnaire.json */; };
		E8261FF8284116F6005F84A3 /* QuestionnaireData.swift in Sources */ = {isa = PBXBuildFile; fileRef = E8261FF7284116F6005F84A3 /* QuestionnaireData.swift */; };
		E8261FFA28411716005F84A3 /* Introduction.swift in Sources */ = {isa = PBXBuildFile; fileRef = E8261FF928411716005F84A3 /* Introduction.swift */; };
		E8261FFC28411727005F84A3 /* Question.swift in Sources */ = {isa = PBXBuildFile; fileRef = E8261FFB28411727005F84A3 /* Question.swift */; };
		E8261FFE28411748005F84A3 /* Unit.swift in Sources */ = {isa = PBXBuildFile; fileRef = E8261FFD28411748005F84A3 /* Unit.swift */; };
		E82DA6C9287AC21D00C19C73 /* ReviewView.swift in Sources */ = {isa = PBXBuildFile; fileRef = E82DA6C8287AC21D00C19C73 /* ReviewView.swift */; };
		E82DA6CB287AC22E00C19C73 /* AccountView.swift in Sources */ = {isa = PBXBuildFile; fileRef = E82DA6CA287AC22E00C19C73 /* AccountView.swift */; };
		E8347FDB289BEBEE0046F9CB /* InfoView.swift in Sources */ = {isa = PBXBuildFile; fileRef = E8347FDA289BEBEE0046F9CB /* InfoView.swift */; };
		E836355228AD5C56000C67C4 /* ViewExtensions.swift in Sources */ = {isa = PBXBuildFile; fileRef = E836355128AD5C56000C67C4 /* ViewExtensions.swift */; };
		E842E46F284CDA7E004B7B2B /* PopupBackgroundView.swift in Sources */ = {isa = PBXBuildFile; fileRef = E842E46E284CDA7E004B7B2B /* PopupBackgroundView.swift */; };
		E84AE31D2881ECD80028011A /* Review.swift in Sources */ = {isa = PBXBuildFile; fileRef = E84AE31C2881ECD80028011A /* Review.swift */; };
		E84AE3212881F5370028011A /* Reviews.swift in Sources */ = {isa = PBXBuildFile; fileRef = E84AE3202881F5370028011A /* Reviews.swift */; };
		E84AE3232881F6560028011A /* ReviewViewCell.swift in Sources */ = {isa = PBXBuildFile; fileRef = E84AE3222881F6560028011A /* ReviewViewCell.swift */; };
		E88D391728423015009E90D9 /* Questionnaire.swift in Sources */ = {isa = PBXBuildFile; fileRef = E88D391628423015009E90D9 /* Questionnaire.swift */; };
		E88D391928423522009E90D9 /* AnswerButtonView.swift in Sources */ = {isa = PBXBuildFile; fileRef = E88D391828423522009E90D9 /* AnswerButtonView.swift */; };
		E8947BCD284377E800D47C7A /* QuestionnaireLoader.swift in Sources */ = {isa = PBXBuildFile; fileRef = E8947BCC284377E800D47C7A /* QuestionnaireLoader.swift */; };
		E8947BD028437ED300D47C7A /* ColorExtensions.swift in Sources */ = {isa = PBXBuildFile; fileRef = E8947BCF28437ED300D47C7A /* ColorExtensions.swift */; };
		E8947BD22843803900D47C7A /* QuestionPromptView.swift in Sources */ = {isa = PBXBuildFile; fileRef = E8947BD12843803900D47C7A /* QuestionPromptView.swift */; };
		E8B19DC1289294F300339341 /* MarkdownUI in Frameworks */ = {isa = PBXBuildFile; productRef = E8B19DC0289294F300339341 /* MarkdownUI */; };
		E8B77CFA28AFD30900C76AB1 /* QandA.swift in Sources */ = {isa = PBXBuildFile; fileRef = E8B77CF928AFD30900C76AB1 /* QandA.swift */; };
		E8B77CFC28AFD37F00C76AB1 /* MockData.swift in Sources */ = {isa = PBXBuildFile; fileRef = E8B77CFB28AFD37F00C76AB1 /* MockData.swift */; };
		E8BB35152885860F00369316 /* XDismissButton.swift in Sources */ = {isa = PBXBuildFile; fileRef = E8BB35142885860F00369316 /* XDismissButton.swift */; };
		E8BB36BC28A2D97D00AAE549 /* AccountViewModel.swift in Sources */ = {isa = PBXBuildFile; fileRef = E8BB36BB28A2D97D00AAE549 /* AccountViewModel.swift */; };
		E8BC752F288D52B000B1D8E7 /* MarkdownView.swift in Sources */ = {isa = PBXBuildFile; fileRef = E8BC752E288D52B000B1D8E7 /* MarkdownView.swift */; };
		E8BF428B28747BDD00C53975 /* User.swift in Sources */ = {isa = PBXBuildFile; fileRef = E8BF428A28747BDD00C53975 /* User.swift */; };
		E8BF428D28747C6600C53975 /* Users.swift in Sources */ = {isa = PBXBuildFile; fileRef = E8BF428C28747C6600C53975 /* Users.swift */; };
		E8BF428F287481A400C53975 /* Auth.swift in Sources */ = {isa = PBXBuildFile; fileRef = E8BF428E287481A400C53975 /* Auth.swift */; };
		E8C09CA0287ABDE20052EF8B /* HomeTabView.swift in Sources */ = {isa = PBXBuildFile; fileRef = E8C09C9F287ABDE20052EF8B /* HomeTabView.swift */; };
		E8C09CA2287ABE670052EF8B /* AppData.swift in Sources */ = {isa = PBXBuildFile; fileRef = E8C09CA1287ABE670052EF8B /* AppData.swift */; };
		E8C1DBD428B121C000B21A48 /* ActivityView.swift in Sources */ = {isa = PBXBuildFile; fileRef = E8C1DBD328B121C000B21A48 /* ActivityView.swift */; };
		E8C1DBD628B121E800B21A48 /* ActivityItem.swift in Sources */ = {isa = PBXBuildFile; fileRef = E8C1DBD528B121E800B21A48 /* ActivityItem.swift */; };
		E8C1F6BC288AC4EC003841DE /* PageTitleView.swift in Sources */ = {isa = PBXBuildFile; fileRef = E8C1F6BB288AC4EC003841DE /* PageTitleView.swift */; };
		E8C2183C2848E570003E2915 /* QuestionnaireTitleView.swift in Sources */ = {isa = PBXBuildFile; fileRef = E8C2183B2848E570003E2915 /* QuestionnaireTitleView.swift */; };
		E8C268EF288976F200400EAC /* ResultsQA.swift in Sources */ = {isa = PBXBuildFile; fileRef = E8C268EE288976F200400EAC /* ResultsQA.swift */; };
		E8C268F12889770200400EAC /* ResultsReport.swift in Sources */ = {isa = PBXBuildFile; fileRef = E8C268F02889770200400EAC /* ResultsReport.swift */; };
		E8C867C92889827500FD0ADD /* ResultsQACard.swift in Sources */ = {isa = PBXBuildFile; fileRef = E8C867C82889827500FD0ADD /* ResultsQACard.swift */; };
		E8D1B621287869BB0029C173 /* SignIn.swift in Sources */ = {isa = PBXBuildFile; fileRef = E8D1B620287869BB0029C173 /* SignIn.swift */; };
		E8D1B62428786E7E0029C173 /* SigninViewModel.swift in Sources */ = {isa = PBXBuildFile; fileRef = E8D1B62328786E7E0029C173 /* SigninViewModel.swift */; };
		E8D1B627287874500029C173 /* Alerts.swift in Sources */ = {isa = PBXBuildFile; fileRef = E8D1B626287874500029C173 /* Alerts.swift */; };
		E8DB057A28ABDBAA00449F1D /* HTMLtoPDF.swift in Sources */ = {isa = PBXBuildFile; fileRef = E8DB057928ABDBAA00449F1D /* HTMLtoPDF.swift */; };
		E8E02E3828A3ADF300AA5DAB /* DeleteAccountModalView.swift in Sources */ = {isa = PBXBuildFile; fileRef = E8E02E3728A3ADF300AA5DAB /* DeleteAccountModalView.swift */; };
		E8E8C9AD28804DC1002CF367 /* APPButtonText.swift in Sources */ = {isa = PBXBuildFile; fileRef = E8E8C9AC28804DC1002CF367 /* APPButtonText.swift */; };
		E8EBC0AE28A5344800EC1CBB /* NSAttributedStringExtensions.swift in Sources */ = {isa = PBXBuildFile; fileRef = E8EBC0AD28A5344800EC1CBB /* NSAttributedStringExtensions.swift */; };
		E8EF6F792884562F00F05709 /* ResultUnitsView.swift in Sources */ = {isa = PBXBuildFile; fileRef = E8EF6F782884562F00F05709 /* ResultUnitsView.swift */; };
		E8FE37E128854862004B02A3 /* UnitView.swift in Sources */ = {isa = PBXBuildFile; fileRef = E8FE37E028854862004B02A3 /* UnitView.swift */; };
/* End PBXBuildFile section */

/* Begin PBXFileReference section */
		E8061AC028B24CE700ABE06E /* ReviewReportBuilder.swift */ = {isa = PBXFileReference; lastKnownFileType = sourcecode.swift; path = ReviewReportBuilder.swift; sourceTree = "<group>"; };
		E80A25D928917DAC0090D426 /* QuestionnaireTitles.swift */ = {isa = PBXFileReference; lastKnownFileType = sourcecode.swift; path = QuestionnaireTitles.swift; sourceTree = "<group>"; };
		E80A25DB28917DCC0090D426 /* QuestionPrompts.swift */ = {isa = PBXFileReference; lastKnownFileType = sourcecode.swift; path = QuestionPrompts.swift; sourceTree = "<group>"; };
		E80A25DD28917DD80090D426 /* QuestionnaireFinished.swift */ = {isa = PBXFileReference; lastKnownFileType = sourcecode.swift; path = QuestionnaireFinished.swift; sourceTree = "<group>"; };
		E816A3F92884026500653A06 /* BusyView.swift */ = {isa = PBXFileReference; lastKnownFileType = sourcecode.swift; path = BusyView.swift; sourceTree = "<group>"; };
		E816A3FC28840AE900653A06 /* ResultUnitsCell.swift */ = {isa = PBXFileReference; lastKnownFileType = sourcecode.swift; path = ResultUnitsCell.swift; sourceTree = "<group>"; };
		E81FDAD0285B7BE900150580 /* Launch Screen.storyboard */ = {isa = PBXFileReference; lastKnownFileType = file.storyboard; path = "Launch Screen.storyboard"; sourceTree = "<group>"; };
		E8261FE228411669005F84A3 /* Parse Questionnaire.app */ = {isa = PBXFileReference; explicitFileType = wrapper.application; includeInIndex = 0; path = "Parse Questionnaire.app"; sourceTree = BUILT_PRODUCTS_DIR; };
		E8261FE528411669005F84A3 /* Parse_QuestionnaireApp.swift */ = {isa = PBXFileReference; lastKnownFileType = sourcecode.swift; path = Parse_QuestionnaireApp.swift; sourceTree = "<group>"; };
		E8261FE728411669005F84A3 /* QuestionnaireView.swift */ = {isa = PBXFileReference; lastKnownFileType = sourcecode.swift; path = QuestionnaireView.swift; sourceTree = "<group>"; };
		E8261FE92841166D005F84A3 /* Assets.xcassets */ = {isa = PBXFileReference; lastKnownFileType = folder.assetcatalog; path = Assets.xcassets; sourceTree = "<group>"; };
		E8261FEC2841166D005F84A3 /* Preview Assets.xcassets */ = {isa = PBXFileReference; lastKnownFileType = folder.assetcatalog; path = "Preview Assets.xcassets"; sourceTree = "<group>"; };
		E8261FF328411691005F84A3 /* ManagementQuestionnaire.json */ = {isa = PBXFileReference; fileEncoding = 4; lastKnownFileType = text.json; path = ManagementQuestionnaire.json; sourceTree = "<group>"; };
		E8261FF7284116F6005F84A3 /* QuestionnaireData.swift */ = {isa = PBXFileReference; lastKnownFileType = sourcecode.swift; path = QuestionnaireData.swift; sourceTree = "<group>"; };
		E8261FF928411716005F84A3 /* Introduction.swift */ = {isa = PBXFileReference; lastKnownFileType = sourcecode.swift; path = Introduction.swift; sourceTree = "<group>"; };
		E8261FFB28411727005F84A3 /* Question.swift */ = {isa = PBXFileReference; lastKnownFileType = sourcecode.swift; path = Question.swift; sourceTree = "<group>"; };
		E8261FFD28411748005F84A3 /* Unit.swift */ = {isa = PBXFileReference; lastKnownFileType = sourcecode.swift; path = Unit.swift; sourceTree = "<group>"; };
		E82DA6C8287AC21D00C19C73 /* ReviewView.swift */ = {isa = PBXFileReference; lastKnownFileType = sourcecode.swift; path = ReviewView.swift; sourceTree = "<group>"; };
		E82DA6CA287AC22E00C19C73 /* AccountView.swift */ = {isa = PBXFileReference; lastKnownFileType = sourcecode.swift; path = AccountView.swift; sourceTree = "<group>"; };
		E8347FDA289BEBEE0046F9CB /* InfoView.swift */ = {isa = PBXFileReference; lastKnownFileType = sourcecode.swift; path = InfoView.swift; sourceTree = "<group>"; };
		E836355128AD5C56000C67C4 /* ViewExtensions.swift */ = {isa = PBXFileReference; lastKnownFileType = sourcecode.swift; path = ViewExtensions.swift; sourceTree = "<group>"; };
		E842E46E284CDA7E004B7B2B /* PopupBackgroundView.swift */ = {isa = PBXFileReference; lastKnownFileType = sourcecode.swift; path = PopupBackgroundView.swift; sourceTree = "<group>"; };
		E84AE31C2881ECD80028011A /* Review.swift */ = {isa = PBXFileReference; lastKnownFileType = sourcecode.swift; path = Review.swift; sourceTree = "<group>"; };
		E84AE3202881F5370028011A /* Reviews.swift */ = {isa = PBXFileReference; lastKnownFileType = sourcecode.swift; path = Reviews.swift; sourceTree = "<group>"; };
		E84AE3222881F6560028011A /* ReviewViewCell.swift */ = {isa = PBXFileReference; lastKnownFileType = sourcecode.swift; path = ReviewViewCell.swift; sourceTree = "<group>"; };
		E88D391628423015009E90D9 /* Questionnaire.swift */ = {isa = PBXFileReference; lastKnownFileType = sourcecode.swift; path = Questionnaire.swift; sourceTree = "<group>"; };
		E88D391828423522009E90D9 /* AnswerButtonView.swift */ = {isa = PBXFileReference; lastKnownFileType = sourcecode.swift; path = AnswerButtonView.swift; sourceTree = "<group>"; };
		E8947BCC284377E800D47C7A /* QuestionnaireLoader.swift */ = {isa = PBXFileReference; lastKnownFileType = sourcecode.swift; path = QuestionnaireLoader.swift; sourceTree = "<group>"; };
		E8947BCF28437ED300D47C7A /* ColorExtensions.swift */ = {isa = PBXFileReference; lastKnownFileType = sourcecode.swift; path = ColorExtensions.swift; sourceTree = "<group>"; };
		E8947BD12843803900D47C7A /* QuestionPromptView.swift */ = {isa = PBXFileReference; lastKnownFileType = sourcecode.swift; path = QuestionPromptView.swift; sourceTree = "<group>"; };
		E8B77CF928AFD30900C76AB1 /* QandA.swift */ = {isa = PBXFileReference; lastKnownFileType = sourcecode.swift; path = QandA.swift; sourceTree = "<group>"; };
		E8B77CFB28AFD37F00C76AB1 /* MockData.swift */ = {isa = PBXFileReference; lastKnownFileType = sourcecode.swift; path = MockData.swift; sourceTree = "<group>"; };
		E8BB35142885860F00369316 /* XDismissButton.swift */ = {isa = PBXFileReference; lastKnownFileType = sourcecode.swift; path = XDismissButton.swift; sourceTree = "<group>"; };
		E8BB36BB28A2D97D00AAE549 /* AccountViewModel.swift */ = {isa = PBXFileReference; lastKnownFileType = sourcecode.swift; path = AccountViewModel.swift; sourceTree = "<group>"; };
		E8BC752E288D52B000B1D8E7 /* MarkdownView.swift */ = {isa = PBXFileReference; lastKnownFileType = sourcecode.swift; path = MarkdownView.swift; sourceTree = "<group>"; };
		E8BF428A28747BDD00C53975 /* User.swift */ = {isa = PBXFileReference; lastKnownFileType = sourcecode.swift; path = User.swift; sourceTree = "<group>"; };
		E8BF428C28747C6600C53975 /* Users.swift */ = {isa = PBXFileReference; lastKnownFileType = sourcecode.swift; path = Users.swift; sourceTree = "<group>"; };
		E8BF428E287481A400C53975 /* Auth.swift */ = {isa = PBXFileReference; lastKnownFileType = sourcecode.swift; path = Auth.swift; sourceTree = "<group>"; };
		E8C09C9F287ABDE20052EF8B /* HomeTabView.swift */ = {isa = PBXFileReference; lastKnownFileType = sourcecode.swift; path = HomeTabView.swift; sourceTree = "<group>"; };
		E8C09CA1287ABE670052EF8B /* AppData.swift */ = {isa = PBXFileReference; lastKnownFileType = sourcecode.swift; path = AppData.swift; sourceTree = "<group>"; };
		E8C1DBD328B121C000B21A48 /* ActivityView.swift */ = {isa = PBXFileReference; lastKnownFileType = sourcecode.swift; path = ActivityView.swift; sourceTree = "<group>"; };
		E8C1DBD528B121E800B21A48 /* ActivityItem.swift */ = {isa = PBXFileReference; lastKnownFileType = sourcecode.swift; path = ActivityItem.swift; sourceTree = "<group>"; };
		E8C1F6BB288AC4EC003841DE /* PageTitleView.swift */ = {isa = PBXFileReference; lastKnownFileType = sourcecode.swift; path = PageTitleView.swift; sourceTree = "<group>"; };
		E8C2183B2848E570003E2915 /* QuestionnaireTitleView.swift */ = {isa = PBXFileReference; lastKnownFileType = sourcecode.swift; path = QuestionnaireTitleView.swift; sourceTree = "<group>"; };
		E8C268EE288976F200400EAC /* ResultsQA.swift */ = {isa = PBXFileReference; lastKnownFileType = sourcecode.swift; path = ResultsQA.swift; sourceTree = "<group>"; };
		E8C268F02889770200400EAC /* ResultsReport.swift */ = {isa = PBXFileReference; lastKnownFileType = sourcecode.swift; path = ResultsReport.swift; sourceTree = "<group>"; };
		E8C867C82889827500FD0ADD /* ResultsQACard.swift */ = {isa = PBXFileReference; lastKnownFileType = sourcecode.swift; path = ResultsQACard.swift; sourceTree = "<group>"; };
		E8D1B620287869BB0029C173 /* SignIn.swift */ = {isa = PBXFileReference; lastKnownFileType = sourcecode.swift; path = SignIn.swift; sourceTree = "<group>"; };
		E8D1B62328786E7E0029C173 /* SigninViewModel.swift */ = {isa = PBXFileReference; lastKnownFileType = sourcecode.swift; path = SigninViewModel.swift; sourceTree = "<group>"; };
		E8D1B626287874500029C173 /* Alerts.swift */ = {isa = PBXFileReference; lastKnownFileType = sourcecode.swift; path = Alerts.swift; sourceTree = "<group>"; };
		E8DB057928ABDBAA00449F1D /* HTMLtoPDF.swift */ = {isa = PBXFileReference; lastKnownFileType = sourcecode.swift; path = HTMLtoPDF.swift; sourceTree = "<group>"; };
		E8E02E3728A3ADF300AA5DAB /* DeleteAccountModalView.swift */ = {isa = PBXFileReference; lastKnownFileType = sourcecode.swift; path = DeleteAccountModalView.swift; sourceTree = "<group>"; };
		E8E8C9AC28804DC1002CF367 /* APPButtonText.swift */ = {isa = PBXFileReference; lastKnownFileType = sourcecode.swift; path = APPButtonText.swift; sourceTree = "<group>"; };
		E8EBC0AD28A5344800EC1CBB /* NSAttributedStringExtensions.swift */ = {isa = PBXFileReference; lastKnownFileType = sourcecode.swift; path = NSAttributedStringExtensions.swift; sourceTree = "<group>"; };
		E8EF6F782884562F00F05709 /* ResultUnitsView.swift */ = {isa = PBXFileReference; lastKnownFileType = sourcecode.swift; path = ResultUnitsView.swift; sourceTree = "<group>"; };
		E8FE37E028854862004B02A3 /* UnitView.swift */ = {isa = PBXFileReference; lastKnownFileType = sourcecode.swift; path = UnitView.swift; sourceTree = "<group>"; };
/* End PBXFileReference section */

/* Begin PBXFrameworksBuildPhase section */
		E8261FDF28411669005F84A3 /* Frameworks */ = {
			isa = PBXFrameworksBuildPhase;
			buildActionMask = 2147483647;
			files = (
				E8B19DC1289294F300339341 /* MarkdownUI in Frameworks */,
			);
			runOnlyForDeploymentPostprocessing = 0;
		};
/* End PBXFrameworksBuildPhase section */

/* Begin PBXGroup section */
		E8061AC228B25C4000ABE06E /* Reporting */ = {
			isa = PBXGroup;
			children = (
				E8C1DBD328B121C000B21A48 /* ActivityView.swift */,
				E8C1DBD528B121E800B21A48 /* ActivityItem.swift */,
				E8DB057928ABDBAA00449F1D /* HTMLtoPDF.swift */,
				E8061AC028B24CE700ABE06E /* ReviewReportBuilder.swift */,
			);
			path = Reporting;
			sourceTree = "<group>";
		};
		E80A25D828917D8C0090D426 /* QuestionnairePhases */ = {
			isa = PBXGroup;
			children = (
				E80A25D928917DAC0090D426 /* QuestionnaireTitles.swift */,
				E80A25DB28917DCC0090D426 /* QuestionPrompts.swift */,
				E80A25DD28917DD80090D426 /* QuestionnaireFinished.swift */,
			);
			path = QuestionnairePhases;
			sourceTree = "<group>";
		};
		E80A25DF28918B830090D426 /* Helpers */ = {
			isa = PBXGroup;
			children = (
				E8947BD12843803900D47C7A /* QuestionPromptView.swift */,
				E8C2183B2848E570003E2915 /* QuestionnaireTitleView.swift */,
				E88D391828423522009E90D9 /* AnswerButtonView.swift */,
			);
			path = Helpers;
			sourceTree = "<group>";
		};
		E816A3FB28840AC400653A06 /* Results */ = {
			isa = PBXGroup;
			children = (
				E8EF6F77288454D300F05709 /* ResultsUnits */,
				E8C268F22889771100400EAC /* Results QandA */,
				E8C268F32889772300400EAC /* ResultsReport */,
			);
			path = Results;
			sourceTree = "<group>";
		};
		E8261FD928411669005F84A3 = {
			isa = PBXGroup;
			children = (
				E8261FE428411669005F84A3 /* Parse Questionnaire */,
				E8261FE328411669005F84A3 /* Products */,
			);
			sourceTree = "<group>";
		};
		E8261FE328411669005F84A3 /* Products */ = {
			isa = PBXGroup;
			children = (
				E8261FE228411669005F84A3 /* Parse Questionnaire.app */,
			);
			name = Products;
			sourceTree = "<group>";
		};
		E8261FE428411669005F84A3 /* Parse Questionnaire */ = {
			isa = PBXGroup;
			children = (
				E8B854F4284CF02B0060EF13 /* Screens */,
				E8947BCB284377AE00D47C7A /* Helpers */,
				E82620002841190E005F84A3 /* View */,
				E8261FFF28411906005F84A3 /* App */,
				E8261FF6284116B8005F84A3 /* Data */,
				E8261FF5284116AD005F84A3 /* Model */,
				E8261FE92841166D005F84A3 /* Assets.xcassets */,
				E8261FEB2841166D005F84A3 /* Preview Content */,
			);
			path = "Parse Questionnaire";
			sourceTree = "<group>";
		};
		E8261FEB2841166D005F84A3 /* Preview Content */ = {
			isa = PBXGroup;
			children = (
				E8261FEC2841166D005F84A3 /* Preview Assets.xcassets */,
			);
			path = "Preview Content";
			sourceTree = "<group>";
		};
		E8261FF5284116AD005F84A3 /* Model */ = {
			isa = PBXGroup;
			children = (
				E84AE31B2881ECC60028011A /* Reviews */,
				E8BF428928747BC400C53975 /* UsersAndAuth */,
				E8262001284121CB005F84A3 /* Questionnaire */,
				E8B77CFB28AFD37F00C76AB1 /* MockData.swift */,
			);
			path = Model;
			sourceTree = "<group>";
		};
		E8261FF6284116B8005F84A3 /* Data */ = {
			isa = PBXGroup;
			children = (
				E8C09CA1287ABE670052EF8B /* AppData.swift */,
				E8261FF328411691005F84A3 /* ManagementQuestionnaire.json */,
			);
			path = Data;
			sourceTree = "<group>";
		};
		E8261FFF28411906005F84A3 /* App */ = {
			isa = PBXGroup;
			children = (
				E8261FE528411669005F84A3 /* Parse_QuestionnaireApp.swift */,
			);
			path = App;
			sourceTree = "<group>";
		};
		E82620002841190E005F84A3 /* View */ = {
			isa = PBXGroup;
			children = (
				E842E46E284CDA7E004B7B2B /* PopupBackgroundView.swift */,
				E816A3F92884026500653A06 /* BusyView.swift */,
				E8FE37E028854862004B02A3 /* UnitView.swift */,
				E8BB35142885860F00369316 /* XDismissButton.swift */,
				E8C1F6BB288AC4EC003841DE /* PageTitleView.swift */,
				E8BC752E288D52B000B1D8E7 /* MarkdownView.swift */,
				E8347FDA289BEBEE0046F9CB /* InfoView.swift */,
				E8E02E3728A3ADF300AA5DAB /* DeleteAccountModalView.swift */,
			);
			path = View;
			sourceTree = "<group>";
		};
		E8262001284121CB005F84A3 /* Questionnaire */ = {
			isa = PBXGroup;
			children = (
				E8261FF7284116F6005F84A3 /* QuestionnaireData.swift */,
				E8261FF928411716005F84A3 /* Introduction.swift */,
				E8261FFB28411727005F84A3 /* Question.swift */,
				E8261FFD28411748005F84A3 /* Unit.swift */,
				E8947BCC284377E800D47C7A /* QuestionnaireLoader.swift */,
			);
			path = Questionnaire;
			sourceTree = "<group>";
		};
		E84AE31B2881ECC60028011A /* Reviews */ = {
			isa = PBXGroup;
			children = (
				E84AE31C2881ECD80028011A /* Review.swift */,
				E84AE3202881F5370028011A /* Reviews.swift */,
				E8B77CF928AFD30900C76AB1 /* QandA.swift */,
			);
			path = Reviews;
			sourceTree = "<group>";
		};
		E8548D692882FF4600D53638 /* Tabs */ = {
			isa = PBXGroup;
			children = (
				E8C09C9F287ABDE20052EF8B /* HomeTabView.swift */,
			);
			path = Tabs;
			sourceTree = "<group>";
		};
		E8548D6A2882FF5700D53638 /* Analysis */ = {
			isa = PBXGroup;
			children = (
				E82DA6C8287AC21D00C19C73 /* ReviewView.swift */,
				E84AE3222881F6560028011A /* ReviewViewCell.swift */,
			);
			path = Analysis;
			sourceTree = "<group>";
		};
		E8548D6B2882FF6200D53638 /* Account */ = {
			isa = PBXGroup;
			children = (
				E82DA6CA287AC22E00C19C73 /* AccountView.swift */,
				E8BB36BB28A2D97D00AAE549 /* AccountViewModel.swift */,
			);
			path = Account;
			sourceTree = "<group>";
		};
		E88F6B21287DF0D100C279D0 /* Questionnaire */ = {
			isa = PBXGroup;
			children = (
				E88D391628423015009E90D9 /* Questionnaire.swift */,
				E8261FE728411669005F84A3 /* QuestionnaireView.swift */,
				E80A25DF28918B830090D426 /* Helpers */,
				E80A25D828917D8C0090D426 /* QuestionnairePhases */,
			);
			path = Questionnaire;
			sourceTree = "<group>";
		};
		E8947BCB284377AE00D47C7A /* Helpers */ = {
			isa = PBXGroup;
			children = (
				E8061AC228B25C4000ABE06E /* Reporting */,
				E8947BCE28437EBD00D47C7A /* Extensions */,
				E8D1B6252878700F0029C173 /* Alerts */,
				E8B854F7284CF14D0060EF13 /* Styles */,
			);
			path = Helpers;
			sourceTree = "<group>";
		};
		E8947BCE28437EBD00D47C7A /* Extensions */ = {
			isa = PBXGroup;
			children = (
				E8947BCF28437ED300D47C7A /* ColorExtensions.swift */,
				E8EBC0AD28A5344800EC1CBB /* NSAttributedStringExtensions.swift */,
				E836355128AD5C56000C67C4 /* ViewExtensions.swift */,
			);
			path = Extensions;
			sourceTree = "<group>";
		};
		E8B854F4284CF02B0060EF13 /* Screens */ = {
			isa = PBXGroup;
			children = (
				E8D1B62228786E680029C173 /* Signin */,
				E8548D692882FF4600D53638 /* Tabs */,
				E8C09C9E287ABDC70052EF8B /* Home Views */,
				E816A3FB28840AC400653A06 /* Results */,
				E81FDAD0285B7BE900150580 /* Launch Screen.storyboard */,
			);
			path = Screens;
			sourceTree = "<group>";
		};
		E8B854F7284CF14D0060EF13 /* Styles */ = {
			isa = PBXGroup;
			children = (
				E8E8C9AC28804DC1002CF367 /* APPButtonText.swift */,
			);
			path = Styles;
			sourceTree = "<group>";
		};
		E8BF428928747BC400C53975 /* UsersAndAuth */ = {
			isa = PBXGroup;
			children = (
				E8BF428A28747BDD00C53975 /* User.swift */,
				E8BF428C28747C6600C53975 /* Users.swift */,
				E8BF428E287481A400C53975 /* Auth.swift */,
			);
			path = UsersAndAuth;
			sourceTree = "<group>";
		};
		E8C09C9E287ABDC70052EF8B /* Home Views */ = {
			isa = PBXGroup;
			children = (
				E8548D6A2882FF5700D53638 /* Analysis */,
				E88F6B21287DF0D100C279D0 /* Questionnaire */,
				E8548D6B2882FF6200D53638 /* Account */,
			);
			path = "Home Views";
			sourceTree = "<group>";
		};
		E8C268F22889771100400EAC /* Results QandA */ = {
			isa = PBXGroup;
			children = (
				E8C268EE288976F200400EAC /* ResultsQA.swift */,
				E8C867C82889827500FD0ADD /* ResultsQACard.swift */,
			);
			path = "Results QandA";
			sourceTree = "<group>";
		};
		E8C268F32889772300400EAC /* ResultsReport */ = {
			isa = PBXGroup;
			children = (
				E8C268F02889770200400EAC /* ResultsReport.swift */,
			);
			path = ResultsReport;
			sourceTree = "<group>";
		};
		E8D1B62228786E680029C173 /* Signin */ = {
			isa = PBXGroup;
			children = (
				E8D1B620287869BB0029C173 /* SignIn.swift */,
				E8D1B62328786E7E0029C173 /* SigninViewModel.swift */,
			);
			path = Signin;
			sourceTree = "<group>";
		};
		E8D1B6252878700F0029C173 /* Alerts */ = {
			isa = PBXGroup;
			children = (
				E8D1B626287874500029C173 /* Alerts.swift */,
			);
			path = Alerts;
			sourceTree = "<group>";
		};
		E8EF6F77288454D300F05709 /* ResultsUnits */ = {
			isa = PBXGroup;
			children = (
				E8EF6F782884562F00F05709 /* ResultUnitsView.swift */,
				E816A3FC28840AE900653A06 /* ResultUnitsCell.swift */,
			);
			path = ResultsUnits;
			sourceTree = "<group>";
		};
/* End PBXGroup section */

/* Begin PBXNativeTarget section */
		E8261FE128411669005F84A3 /* Parse Questionnaire */ = {
			isa = PBXNativeTarget;
			buildConfigurationList = E8261FF02841166D005F84A3 /* Build configuration list for PBXNativeTarget "Parse Questionnaire" */;
			buildPhases = (
				E8261FDE28411669005F84A3 /* Sources */,
				E8261FDF28411669005F84A3 /* Frameworks */,
				E8261FE028411669005F84A3 /* Resources */,
			);
			buildRules = (
			);
			dependencies = (
			);
			name = "Parse Questionnaire";
			packageProductDependencies = (
				E8B19DC0289294F300339341 /* MarkdownUI */,
			);
			productName = "Parse Questionnaire";
			productReference = E8261FE228411669005F84A3 /* Parse Questionnaire.app */;
			productType = "com.apple.product-type.application";
		};
/* End PBXNativeTarget section */

/* Begin PBXProject section */
		E8261FDA28411669005F84A3 /* Project object */ = {
			isa = PBXProject;
			attributes = {
				BuildIndependentTargetsInParallel = 1;
				LastSwiftUpdateCheck = 1330;
				LastUpgradeCheck = 1330;
				TargetAttributes = {
					E8261FE128411669005F84A3 = {
						CreatedOnToolsVersion = 13.3.1;
					};
				};
			};
			buildConfigurationList = E8261FDD28411669005F84A3 /* Build configuration list for PBXProject "Parse Questionnaire" */;
			compatibilityVersion = "Xcode 13.0";
			developmentRegion = en;
			hasScannedForEncodings = 0;
			knownRegions = (
				en,
				Base,
			);
			mainGroup = E8261FD928411669005F84A3;
			packageReferences = (
				E8B19DBF289294F300339341 /* XCRemoteSwiftPackageReference "MarkdownUI" */,
			);
			productRefGroup = E8261FE328411669005F84A3 /* Products */;
			projectDirPath = "";
			projectRoot = "";
			targets = (
				E8261FE128411669005F84A3 /* Parse Questionnaire */,
			);
		};
/* End PBXProject section */

/* Begin PBXResourcesBuildPhase section */
		E8261FE028411669005F84A3 /* Resources */ = {
			isa = PBXResourcesBuildPhase;
			buildActionMask = 2147483647;
			files = (
				E8261FED2841166D005F84A3 /* Preview Assets.xcassets in Resources */,
				E8261FEA2841166D005F84A3 /* Assets.xcassets in Resources */,
				E81FDAD1285B7BE900150580 /* Launch Screen.storyboard in Resources */,
				E8261FF428411691005F84A3 /* ManagementQuestionnaire.json in Resources */,
			);
			runOnlyForDeploymentPostprocessing = 0;
		};
/* End PBXResourcesBuildPhase section */

/* Begin PBXSourcesBuildPhase section */
		E8261FDE28411669005F84A3 /* Sources */ = {
			isa = PBXSourcesBuildPhase;
			buildActionMask = 2147483647;
			files = (
				E88D391928423522009E90D9 /* AnswerButtonView.swift in Sources */,
				E8C2183C2848E570003E2915 /* QuestionnaireTitleView.swift in Sources */,
				E8BC752F288D52B000B1D8E7 /* MarkdownView.swift in Sources */,
				E842E46F284CDA7E004B7B2B /* PopupBackgroundView.swift in Sources */,
				E80A25DA28917DAC0090D426 /* QuestionnaireTitles.swift in Sources */,
				E8D1B62428786E7E0029C173 /* SigninViewModel.swift in Sources */,
				E8947BD028437ED300D47C7A /* ColorExtensions.swift in Sources */,
				E8BF428F287481A400C53975 /* Auth.swift in Sources */,
				E8347FDB289BEBEE0046F9CB /* InfoView.swift in Sources */,
				E8EBC0AE28A5344800EC1CBB /* NSAttributedStringExtensions.swift in Sources */,
				E816A3FA2884026500653A06 /* BusyView.swift in Sources */,
				E8261FFC28411727005F84A3 /* Question.swift in Sources */,
				E8DB057A28ABDBAA00449F1D /* HTMLtoPDF.swift in Sources */,
				E8B77CFC28AFD37F00C76AB1 /* MockData.swift in Sources */,
				E8C09CA0287ABDE20052EF8B /* HomeTabView.swift in Sources */,
				E8D1B621287869BB0029C173 /* SignIn.swift in Sources */,
				E84AE3232881F6560028011A /* ReviewViewCell.swift in Sources */,
				E836355228AD5C56000C67C4 /* ViewExtensions.swift in Sources */,
				E8E8C9AD28804DC1002CF367 /* APPButtonText.swift in Sources */,
				E8261FE828411669005F84A3 /* QuestionnaireView.swift in Sources */,
				E8E02E3828A3ADF300AA5DAB /* DeleteAccountModalView.swift in Sources */,
				E8BF428B28747BDD00C53975 /* User.swift in Sources */,
				E816A3FD28840AE900653A06 /* ResultUnitsCell.swift in Sources */,
				E8C867C92889827500FD0ADD /* ResultsQACard.swift in Sources */,
				E80A25DC28917DCC0090D426 /* QuestionPrompts.swift in Sources */,
				E8C1DBD428B121C000B21A48 /* ActivityView.swift in Sources */,
				E84AE3212881F5370028011A /* Reviews.swift in Sources */,
				E8FE37E128854862004B02A3 /* UnitView.swift in Sources */,
				E8BB36BC28A2D97D00AAE549 /* AccountViewModel.swift in Sources */,
				E8BB35152885860F00369316 /* XDismissButton.swift in Sources */,
				E8C268EF288976F200400EAC /* ResultsQA.swift in Sources */,
				E8061AC128B24CE700ABE06E /* ReviewReportBuilder.swift in Sources */,
				E8C1DBD628B121E800B21A48 /* ActivityItem.swift in Sources */,
				E82DA6C9287AC21D00C19C73 /* ReviewView.swift in Sources */,
				E8B77CFA28AFD30900C76AB1 /* QandA.swift in Sources */,
				E8947BCD284377E800D47C7A /* QuestionnaireLoader.swift in Sources */,
				E8261FFA28411716005F84A3 /* Introduction.swift in Sources */,
				E8BF428D28747C6600C53975 /* Users.swift in Sources */,
				E8C1F6BC288AC4EC003841DE /* PageTitleView.swift in Sources */,
				E8947BD22843803900D47C7A /* QuestionPromptView.swift in Sources */,
				E8261FFE28411748005F84A3 /* Unit.swift in Sources */,
				E8C09CA2287ABE670052EF8B /* AppData.swift in Sources */,
				E80A25DE28917DD80090D426 /* QuestionnaireFinished.swift in Sources */,
				E8C268F12889770200400EAC /* ResultsReport.swift in Sources */,
				E8261FF8284116F6005F84A3 /* QuestionnaireData.swift in Sources */,
				E84AE31D2881ECD80028011A /* Review.swift in Sources */,
				E8261FE628411669005F84A3 /* Parse_QuestionnaireApp.swift in Sources */,
				E8D1B627287874500029C173 /* Alerts.swift in Sources */,
				E8EF6F792884562F00F05709 /* ResultUnitsView.swift in Sources */,
				E82DA6CB287AC22E00C19C73 /* AccountView.swift in Sources */,
				E88D391728423015009E90D9 /* Questionnaire.swift in Sources */,
			);
			runOnlyForDeploymentPostprocessing = 0;
		};
/* End PBXSourcesBuildPhase section */

/* Begin XCBuildConfiguration section */
		E8261FEE2841166D005F84A3 /* Debug */ = {
			isa = XCBuildConfiguration;
			buildSettings = {
				ALWAYS_SEARCH_USER_PATHS = NO;
				CLANG_ANALYZER_NONNULL = YES;
				CLANG_ANALYZER_NUMBER_OBJECT_CONVERSION = YES_AGGRESSIVE;
				CLANG_CXX_LANGUAGE_STANDARD = "gnu++17";
				CLANG_ENABLE_MODULES = YES;
				CLANG_ENABLE_OBJC_ARC = YES;
				CLANG_ENABLE_OBJC_WEAK = YES;
				CLANG_WARN_BLOCK_CAPTURE_AUTORELEASING = YES;
				CLANG_WARN_BOOL_CONVERSION = YES;
				CLANG_WARN_COMMA = YES;
				CLANG_WARN_CONSTANT_CONVERSION = YES;
				CLANG_WARN_DEPRECATED_OBJC_IMPLEMENTATIONS = YES;
				CLANG_WARN_DIRECT_OBJC_ISA_USAGE = YES_ERROR;
				CLANG_WARN_DOCUMENTATION_COMMENTS = YES;
				CLANG_WARN_EMPTY_BODY = YES;
				CLANG_WARN_ENUM_CONVERSION = YES;
				CLANG_WARN_INFINITE_RECURSION = YES;
				CLANG_WARN_INT_CONVERSION = YES;
				CLANG_WARN_NON_LITERAL_NULL_CONVERSION = YES;
				CLANG_WARN_OBJC_IMPLICIT_RETAIN_SELF = YES;
				CLANG_WARN_OBJC_LITERAL_CONVERSION = YES;
				CLANG_WARN_OBJC_ROOT_CLASS = YES_ERROR;
				CLANG_WARN_QUOTED_INCLUDE_IN_FRAMEWORK_HEADER = YES;
				CLANG_WARN_RANGE_LOOP_ANALYSIS = YES;
				CLANG_WARN_STRICT_PROTOTYPES = YES;
				CLANG_WARN_SUSPICIOUS_MOVE = YES;
				CLANG_WARN_UNGUARDED_AVAILABILITY = YES_AGGRESSIVE;
				CLANG_WARN_UNREACHABLE_CODE = YES;
				CLANG_WARN__DUPLICATE_METHOD_MATCH = YES;
				COPY_PHASE_STRIP = NO;
				DEBUG_INFORMATION_FORMAT = dwarf;
				ENABLE_STRICT_OBJC_MSGSEND = YES;
				ENABLE_TESTABILITY = YES;
				GCC_C_LANGUAGE_STANDARD = gnu11;
				GCC_DYNAMIC_NO_PIC = NO;
				GCC_NO_COMMON_BLOCKS = YES;
				GCC_OPTIMIZATION_LEVEL = 0;
				GCC_PREPROCESSOR_DEFINITIONS = (
					"DEBUG=1",
					"$(inherited)",
				);
				GCC_WARN_64_TO_32_BIT_CONVERSION = YES;
				GCC_WARN_ABOUT_RETURN_TYPE = YES_ERROR;
				GCC_WARN_UNDECLARED_SELECTOR = YES;
				GCC_WARN_UNINITIALIZED_AUTOS = YES_AGGRESSIVE;
				GCC_WARN_UNUSED_FUNCTION = YES;
				GCC_WARN_UNUSED_VARIABLE = YES;
				IPHONEOS_DEPLOYMENT_TARGET = 15.4;
				MTL_ENABLE_DEBUG_INFO = INCLUDE_SOURCE;
				MTL_FAST_MATH = YES;
				ONLY_ACTIVE_ARCH = YES;
				SDKROOT = iphoneos;
				SWIFT_ACTIVE_COMPILATION_CONDITIONS = DEBUG;
				SWIFT_OPTIMIZATION_LEVEL = "-Onone";
			};
			name = Debug;
		};
		E8261FEF2841166D005F84A3 /* Release */ = {
			isa = XCBuildConfiguration;
			buildSettings = {
				ALWAYS_SEARCH_USER_PATHS = NO;
				CLANG_ANALYZER_NONNULL = YES;
				CLANG_ANALYZER_NUMBER_OBJECT_CONVERSION = YES_AGGRESSIVE;
				CLANG_CXX_LANGUAGE_STANDARD = "gnu++17";
				CLANG_ENABLE_MODULES = YES;
				CLANG_ENABLE_OBJC_ARC = YES;
				CLANG_ENABLE_OBJC_WEAK = YES;
				CLANG_WARN_BLOCK_CAPTURE_AUTORELEASING = YES;
				CLANG_WARN_BOOL_CONVERSION = YES;
				CLANG_WARN_COMMA = YES;
				CLANG_WARN_CONSTANT_CONVERSION = YES;
				CLANG_WARN_DEPRECATED_OBJC_IMPLEMENTATIONS = YES;
				CLANG_WARN_DIRECT_OBJC_ISA_USAGE = YES_ERROR;
				CLANG_WARN_DOCUMENTATION_COMMENTS = YES;
				CLANG_WARN_EMPTY_BODY = YES;
				CLANG_WARN_ENUM_CONVERSION = YES;
				CLANG_WARN_INFINITE_RECURSION = YES;
				CLANG_WARN_INT_CONVERSION = YES;
				CLANG_WARN_NON_LITERAL_NULL_CONVERSION = YES;
				CLANG_WARN_OBJC_IMPLICIT_RETAIN_SELF = YES;
				CLANG_WARN_OBJC_LITERAL_CONVERSION = YES;
				CLANG_WARN_OBJC_ROOT_CLASS = YES_ERROR;
				CLANG_WARN_QUOTED_INCLUDE_IN_FRAMEWORK_HEADER = YES;
				CLANG_WARN_RANGE_LOOP_ANALYSIS = YES;
				CLANG_WARN_STRICT_PROTOTYPES = YES;
				CLANG_WARN_SUSPICIOUS_MOVE = YES;
				CLANG_WARN_UNGUARDED_AVAILABILITY = YES_AGGRESSIVE;
				CLANG_WARN_UNREACHABLE_CODE = YES;
				CLANG_WARN__DUPLICATE_METHOD_MATCH = YES;
				COPY_PHASE_STRIP = NO;
				DEBUG_INFORMATION_FORMAT = "dwarf-with-dsym";
				ENABLE_NS_ASSERTIONS = NO;
				ENABLE_STRICT_OBJC_MSGSEND = YES;
				GCC_C_LANGUAGE_STANDARD = gnu11;
				GCC_NO_COMMON_BLOCKS = YES;
				GCC_WARN_64_TO_32_BIT_CONVERSION = YES;
				GCC_WARN_ABOUT_RETURN_TYPE = YES_ERROR;
				GCC_WARN_UNDECLARED_SELECTOR = YES;
				GCC_WARN_UNINITIALIZED_AUTOS = YES_AGGRESSIVE;
				GCC_WARN_UNUSED_FUNCTION = YES;
				GCC_WARN_UNUSED_VARIABLE = YES;
				IPHONEOS_DEPLOYMENT_TARGET = 15.4;
				MTL_ENABLE_DEBUG_INFO = NO;
				MTL_FAST_MATH = YES;
				SDKROOT = iphoneos;
				SWIFT_COMPILATION_MODE = wholemodule;
				SWIFT_OPTIMIZATION_LEVEL = "-O";
				VALIDATE_PRODUCT = YES;
			};
			name = Release;
		};
		E8261FF12841166D005F84A3 /* Debug */ = {
			isa = XCBuildConfiguration;
			buildSettings = {
				ASSETCATALOG_COMPILER_APPICON_NAME = AppIcon;
				ASSETCATALOG_COMPILER_GLOBAL_ACCENT_COLOR_NAME = AccentColor;
				CODE_SIGN_STYLE = Automatic;
				CURRENT_PROJECT_VERSION = 1;
				DEVELOPMENT_ASSET_PATHS = "\"Parse Questionnaire/Preview Content\"";
				DEVELOPMENT_TEAM = MH62Y8D74P;
				ENABLE_PREVIEWS = YES;
				GENERATE_INFOPLIST_FILE = YES;
				INFOPLIST_KEY_UIApplicationSceneManifest_Generation = YES;
				INFOPLIST_KEY_UIApplicationSupportsIndirectInputEvents = YES;
				INFOPLIST_KEY_UILaunchScreen_Generation = YES;
				INFOPLIST_KEY_UILaunchStoryboardName = "Launch Screen";
				INFOPLIST_KEY_UISupportedInterfaceOrientations_iPad = "UIInterfaceOrientationPortrait UIInterfaceOrientationPortraitUpsideDown UIInterfaceOrientationLandscapeLeft UIInterfaceOrientationLandscapeRight";
				INFOPLIST_KEY_UISupportedInterfaceOrientations_iPhone = "UIInterfaceOrientationPortrait UIInterfaceOrientationLandscapeLeft UIInterfaceOrientationLandscapeRight";
				INFOPLIST_KEY_UIUserInterfaceStyle = Dark;
				LD_RUNPATH_SEARCH_PATHS = (
					"$(inherited)",
					"@executable_path/Frameworks",
				);
				MARKETING_VERSION = 1.0;
				PRODUCT_BUNDLE_IDENTIFIER = "uk.co.sabarnett.Parse-Questionnaire";
				PRODUCT_NAME = "$(TARGET_NAME)";
				SWIFT_EMIT_LOC_STRINGS = YES;
				SWIFT_VERSION = 5.0;
				TARGETED_DEVICE_FAMILY = "1,2";
			};
			name = Debug;
		};
		E8261FF22841166D005F84A3 /* Release */ = {
			isa = XCBuildConfiguration;
			buildSettings = {
				ASSETCATALOG_COMPILER_APPICON_NAME = AppIcon;
				ASSETCATALOG_COMPILER_GLOBAL_ACCENT_COLOR_NAME = AccentColor;
				CODE_SIGN_STYLE = Automatic;
				CURRENT_PROJECT_VERSION = 1;
				DEVELOPMENT_ASSET_PATHS = "\"Parse Questionnaire/Preview Content\"";
				DEVELOPMENT_TEAM = MH62Y8D74P;
				ENABLE_PREVIEWS = YES;
				GENERATE_INFOPLIST_FILE = YES;
				INFOPLIST_KEY_UIApplicationSceneManifest_Generation = YES;
				INFOPLIST_KEY_UIApplicationSupportsIndirectInputEvents = YES;
				INFOPLIST_KEY_UILaunchScreen_Generation = YES;
				INFOPLIST_KEY_UILaunchStoryboardName = "Launch Screen";
				INFOPLIST_KEY_UISupportedInterfaceOrientations_iPad = "UIInterfaceOrientationPortrait UIInterfaceOrientationPortraitUpsideDown UIInterfaceOrientationLandscapeLeft UIInterfaceOrientationLandscapeRight";
				INFOPLIST_KEY_UISupportedInterfaceOrientations_iPhone = "UIInterfaceOrientationPortrait UIInterfaceOrientationLandscapeLeft UIInterfaceOrientationLandscapeRight";
				INFOPLIST_KEY_UIUserInterfaceStyle = Dark;
				LD_RUNPATH_SEARCH_PATHS = (
					"$(inherited)",
					"@executable_path/Frameworks",
				);
				MARKETING_VERSION = 1.0;
				PRODUCT_BUNDLE_IDENTIFIER = "uk.co.sabarnett.Parse-Questionnaire";
				PRODUCT_NAME = "$(TARGET_NAME)";
				SWIFT_EMIT_LOC_STRINGS = YES;
				SWIFT_VERSION = 5.0;
				TARGETED_DEVICE_FAMILY = "1,2";
			};
			name = Release;
		};
/* End XCBuildConfiguration section */

/* Begin XCConfigurationList section */
		E8261FDD28411669005F84A3 /* Build configuration list for PBXProject "Parse Questionnaire" */ = {
			isa = XCConfigurationList;
			buildConfigurations = (
				E8261FEE2841166D005F84A3 /* Debug */,
				E8261FEF2841166D005F84A3 /* Release */,
			);
			defaultConfigurationIsVisible = 0;
			defaultConfigurationName = Release;
		};
		E8261FF02841166D005F84A3 /* Build configuration list for PBXNativeTarget "Parse Questionnaire" */ = {
			isa = XCConfigurationList;
			buildConfigurations = (
				E8261FF12841166D005F84A3 /* Debug */,
				E8261FF22841166D005F84A3 /* Release */,
			);
			defaultConfigurationIsVisible = 0;
			defaultConfigurationName = Release;
		};
/* End XCConfigurationList section */

/* Begin XCRemoteSwiftPackageReference section */
		E8B19DBF289294F300339341 /* XCRemoteSwiftPackageReference "MarkdownUI" */ = {
			isa = XCRemoteSwiftPackageReference;
			repositoryURL = "https://github.com/gonzalezreal/MarkdownUI";
			requirement = {
				kind = upToNextMajorVersion;
				minimumVersion = 1.0.0;
			};
		};
/* End XCRemoteSwiftPackageReference section */

/* Begin XCSwiftPackageProductDependency section */
		E8B19DC0289294F300339341 /* MarkdownUI */ = {
			isa = XCSwiftPackageProductDependency;
			package = E8B19DBF289294F300339341 /* XCRemoteSwiftPackageReference "MarkdownUI" */;
			productName = MarkdownUI;
		};
/* End XCSwiftPackageProductDependency section */
	};
	rootObject = E8261FDA28411669005F84A3 /* Project object */;
}
